
Microsoft Visual Studio Solution File, Format Version 12.00
# Visual Studio Version 16
VisualStudioVersion = 16.0.30114.105
MinimumVisualStudioVersion = 10.0.40219.1
Project("{2150E333-8FDC-42A3-9474-1A3956D46DE8}") = "Solution Items", "Solution Items", "{100BD131-C9C1-47F7-AFFE-3210795860D5}"
	ProjectSection(SolutionItems) = preProject
		LICENSE = LICENSE
		README.md = README.md
		.gitignore = .gitignore
		.editorconfig = .editorconfig
		.gitattributes = .gitattributes
	EndProjectSection
EndProject
Project("{FAE04EC0-301F-11D3-BF4B-00C04F79EFBC}") = "Shipwright.Commands", "src\Shipwright.Commands\Shipwright.Commands.csproj", "{C5E5712F-8644-4C72-93FF-7262146A16EB}"
EndProject
Project("{FAE04EC0-301F-11D3-BF4B-00C04F79EFBC}") = "Shipwright.Commands.Test", "src\Shipwright.Commands.Test\Shipwright.Commands.Test.csproj", "{6E4EE37A-CB5F-4F57-BD96-5D42E0D8CA63}"
EndProject
Global
	GlobalSection(SolutionConfigurationPlatforms) = preSolution
		Debug|Any CPU = Debug|Any CPU
		Release|Any CPU = Release|Any CPU
	EndGlobalSection
	GlobalSection(SolutionProperties) = preSolution
		HideSolutionNode = FALSE
	EndGlobalSection
	GlobalSection(ProjectConfigurationPlatforms) = postSolution
		{C5E5712F-8644-4C72-93FF-7262146A16EB}.Debug|Any CPU.ActiveCfg = Debug|Any CPU
		{C5E5712F-8644-4C72-93FF-7262146A16EB}.Debug|Any CPU.Build.0 = Debug|Any CPU
		{C5E5712F-8644-4C72-93FF-7262146A16EB}.Release|Any CPU.ActiveCfg = Release|Any CPU
		{C5E5712F-8644-4C72-93FF-7262146A16EB}.Release|Any CPU.Build.0 = Release|Any CPU
		{6E4EE37A-CB5F-4F57-BD96-5D42E0D8CA63}.Debug|Any CPU.ActiveCfg = Debug|Any CPU
		{6E4EE37A-CB5F-4F57-BD96-5D42E0D8CA63}.Debug|Any CPU.Build.0 = Debug|Any CPU
		{6E4EE37A-CB5F-4F57-BD96-5D42E0D8CA63}.Release|Any CPU.ActiveCfg = Release|Any CPU
		{6E4EE37A-CB5F-4F57-BD96-5D42E0D8CA63}.Release|Any CPU.Build.0 = Release|Any CPU
	EndGlobalSection
EndGlobal
